
Microsoft Visual Studio Solution File, Format Version 12.00
# Visual Studio Version 16
VisualStudioVersion = 16.0.30413.136
MinimumVisualStudioVersion = 10.0.40219.1
Project("{FAE04EC0-301F-11D3-BF4B-00C04F79EFBC}") = "GenerikBlaBla", "GenerikBlaBla\GenerikBlaBla.csproj", "{47DBD70F-7370-4327-AEEA-57157F8E050A}"
EndProject
Global
	GlobalSection(SolutionConfigurationPlatforms) = preSolution
		Debug|Any CPU = Debug|Any CPU
		Release|Any CPU = Release|Any CPU
	EndGlobalSection
	GlobalSection(ProjectConfigurationPlatforms) = postSolution
		{47DBD70F-7370-4327-AEEA-57157F8E050A}.Debug|Any CPU.ActiveCfg = Debug|Any CPU
		{47DBD70F-7370-4327-AEEA-57157F8E050A}.Debug|Any CPU.Build.0 = Debug|Any CPU
		{47DBD70F-7370-4327-AEEA-57157F8E050A}.Release|Any CPU.ActiveCfg = Release|Any CPU
		{47DBD70F-7370-4327-AEEA-57157F8E050A}.Release|Any CPU.Build.0 = Release|Any CPU
	EndGlobalSection
	GlobalSection(SolutionProperties) = preSolution
		HideSolutionNode = FALSE
	EndGlobalSection
	GlobalSection(ExtensibilityGlobals) = postSolution
		SolutionGuid = {027B3EEC-1279-460E-8355-88225D786AFB}
	EndGlobalSection
EndGlobal
